
Microsoft Visual Studio Solution File, Format Version 12.00
# Visual Studio Version 16
VisualStudioVersion = 16.0.31105.61
MinimumVisualStudioVersion = 10.0.40219.1
Project("{FAE04EC0-301F-11D3-BF4B-00C04F79EFBC}") = "Clubhouse.Android", "Clubhouse\Clubhouse.Android\Clubhouse.Android.csproj", "{DDEEA5E2-F436-4DF7-A873-9816CE2CA268}"
EndProject
Project("{FAE04EC0-301F-11D3-BF4B-00C04F79EFBC}") = "Clubhouse", "Clubhouse\Clubhouse\Clubhouse.csproj", "{7BBE7A41-6A8C-4FE4-B285-8D8F661A5E9B}"
EndProject
Global
	GlobalSection(SolutionConfigurationPlatforms) = preSolution
		Debug|Any CPU = Debug|Any CPU
		Release|Any CPU = Release|Any CPU
	EndGlobalSection
	GlobalSection(ProjectConfigurationPlatforms) = postSolution
		{DDEEA5E2-F436-4DF7-A873-9816CE2CA268}.Debug|Any CPU.ActiveCfg = Debug|Any CPU
		{DDEEA5E2-F436-4DF7-A873-9816CE2CA268}.Debug|Any CPU.Build.0 = Debug|Any CPU
		{DDEEA5E2-F436-4DF7-A873-9816CE2CA268}.Debug|Any CPU.Deploy.0 = Debug|Any CPU
		{DDEEA5E2-F436-4DF7-A873-9816CE2CA268}.Release|Any CPU.ActiveCfg = Release|Any CPU
		{DDEEA5E2-F436-4DF7-A873-9816CE2CA268}.Release|Any CPU.Build.0 = Release|Any CPU
		{DDEEA5E2-F436-4DF7-A873-9816CE2CA268}.Release|Any CPU.Deploy.0 = Release|Any CPU
		{7BBE7A41-6A8C-4FE4-B285-8D8F661A5E9B}.Debug|Any CPU.ActiveCfg = Debug|Any CPU
		{7BBE7A41-6A8C-4FE4-B285-8D8F661A5E9B}.Debug|Any CPU.Build.0 = Debug|Any CPU
		{7BBE7A41-6A8C-4FE4-B285-8D8F661A5E9B}.Debug|Any CPU.Deploy.0 = Debug|Any CPU
		{7BBE7A41-6A8C-4FE4-B285-8D8F661A5E9B}.Release|Any CPU.ActiveCfg = Release|Any CPU
		{7BBE7A41-6A8C-4FE4-B285-8D8F661A5E9B}.Release|Any CPU.Build.0 = Release|Any CPU
		{7BBE7A41-6A8C-4FE4-B285-8D8F661A5E9B}.Release|Any CPU.Deploy.0 = Release|Any CPU
	EndGlobalSection
	GlobalSection(SolutionProperties) = preSolution
		HideSolutionNode = FALSE
	EndGlobalSection
	GlobalSection(ExtensibilityGlobals) = postSolution
		SolutionGuid = {39C25EED-003F-4BAA-A6AB-5EA039BFEA66}
	EndGlobalSection
EndGlobal
